
Microsoft Visual Studio Solution File, Format Version 12.00
# Visual Studio Version 17
VisualStudioVersion = 17.0.32126.317
MinimumVisualStudioVersion = 10.0.40219.1
Project("{9A19103F-16F7-4668-BE54-9A1E7A4F7556}") = "EmitLoader", "EmitLoader\EmitLoader.csproj", "{1E80A09B-2C1B-4307-B020-3DA3A391B034}"
EndProject
Project("{9A19103F-16F7-4668-BE54-9A1E7A4F7556}") = "EmitLoader.Tester", "EmitLoader.Tester\EmitLoader.Tester.csproj", "{A5565B7F-42E7-4BD4-B4F2-8177C86E2145}"
EndProject
Project("{9A19103F-16F7-4668-BE54-9A1E7A4F7556}") = "EmitLoader.ExampleDLL", "EmitLoader.ExampleDLL\EmitLoader.ExampleDLL.csproj", "{2A7A702F-0790-490F-9A7B-9756DED09917}"
EndProject
Global
	GlobalSection(SolutionConfigurationPlatforms) = preSolution
		Debug|Any CPU = Debug|Any CPU
		Release|Any CPU = Release|Any CPU
	EndGlobalSection
	GlobalSection(ProjectConfigurationPlatforms) = postSolution
		{1E80A09B-2C1B-4307-B020-3DA3A391B034}.Debug|Any CPU.ActiveCfg = Debug|Any CPU
		{1E80A09B-2C1B-4307-B020-3DA3A391B034}.Debug|Any CPU.Build.0 = Debug|Any CPU
		{1E80A09B-2C1B-4307-B020-3DA3A391B034}.Release|Any CPU.ActiveCfg = Release|Any CPU
		{1E80A09B-2C1B-4307-B020-3DA3A391B034}.Release|Any CPU.Build.0 = Release|Any CPU
		{A5565B7F-42E7-4BD4-B4F2-8177C86E2145}.Debug|Any CPU.ActiveCfg = Debug|Any CPU
		{A5565B7F-42E7-4BD4-B4F2-8177C86E2145}.Debug|Any CPU.Build.0 = Debug|Any CPU
		{A5565B7F-42E7-4BD4-B4F2-8177C86E2145}.Release|Any CPU.ActiveCfg = Release|Any CPU
		{A5565B7F-42E7-4BD4-B4F2-8177C86E2145}.Release|Any CPU.Build.0 = Release|Any CPU
		{2A7A702F-0790-490F-9A7B-9756DED09917}.Debug|Any CPU.ActiveCfg = Debug|Any CPU
		{2A7A702F-0790-490F-9A7B-9756DED09917}.Debug|Any CPU.Build.0 = Debug|Any CPU
		{2A7A702F-0790-490F-9A7B-9756DED09917}.Release|Any CPU.ActiveCfg = Release|Any CPU
		{2A7A702F-0790-490F-9A7B-9756DED09917}.Release|Any CPU.Build.0 = Release|Any CPU
	EndGlobalSection
	GlobalSection(SolutionProperties) = preSolution
		HideSolutionNode = FALSE
	EndGlobalSection
	GlobalSection(ExtensibilityGlobals) = postSolution
		SolutionGuid = {4653D67A-21BE-4258-9251-D21325412007}
	EndGlobalSection
EndGlobal
